PODS:
  - Alamofire (4.4.0)
  - OHHTTPStubs (5.2.3):
    - OHHTTPStubs/Default (= 5.2.3)
  - OHHTTPStubs/Core (5.2.3)
  - OHHTTPStubs/Default (5.2.3):
    - OHHTTPStubs/Core
    - OHHTTPStubs/JSON
    - OHHTTPStubs/NSURLSession
    - OHHTTPStubs/OHPathHelpers
  - OHHTTPStubs/JSON (5.2.3):
    - OHHTTPStubs/Core
  - OHHTTPStubs/NSURLSession (5.2.3):
    - OHHTTPStubs/Core
  - OHHTTPStubs/OHPathHelpers (5.2.3)
  - OHHTTPStubs/Swift (5.2.3):
    - OHHTTPStubs/Core

DEPENDENCIES:
  - Alamofire (~> 4.0)
  - OHHTTPStubs (~> 5.2)
  - OHHTTPStubs/Swift (~> 5.2)

SPEC CHECKSUMS:
  Alamofire: dc44b1600b800eb63da6a19039a0083d62a6a62d
  OHHTTPStubs: e238cd5b66d8efa51c861db45895de8fe079f4a7

PODFILE CHECKSUM: e250c43e5a3d93dd516aa351152db3844087f0c0

COCOAPODS: 1.2.0
